
Microsoft Visual Studio Solution File, Format Version 12.00
# Visual Studio Version 16
VisualStudioVersion = 16.0.31727.386
MinimumVisualStudioVersion = 10.0.40219.1
Project("{FAE04EC0-301F-11D3-BF4B-00C04F79EFBC}") = "Task01", "Task01\Task01.csproj", "{B8B7DBC4-74D3-482A-90E0-DA0E3FA5B47B}"
EndProject
Project("{FAE04EC0-301F-11D3-BF4B-00C04F79EFBC}") = "Task02", "Task02\Task02.csproj", "{234EE87F-D934-4A48-B98D-8391C70658AE}"
EndProject
Global
	GlobalSection(SolutionConfigurationPlatforms) = preSolution
		Debug|Any CPU = Debug|Any CPU
		Release|Any CPU = Release|Any CPU
	EndGlobalSection
	GlobalSection(ProjectConfigurationPlatforms) = postSolution
		{B8B7DBC4-74D3-482A-90E0-DA0E3FA5B47B}.Debug|Any CPU.ActiveCfg = Debug|Any CPU
		{B8B7DBC4-74D3-482A-90E0-DA0E3FA5B47B}.Debug|Any CPU.Build.0 = Debug|Any CPU
		{B8B7DBC4-74D3-482A-90E0-DA0E3FA5B47B}.Release|Any CPU.ActiveCfg = Release|Any CPU
		{B8B7DBC4-74D3-482A-90E0-DA0E3FA5B47B}.Release|Any CPU.Build.0 = Release|Any CPU
		{234EE87F-D934-4A48-B98D-8391C70658AE}.Debug|Any CPU.ActiveCfg = Debug|Any CPU
		{234EE87F-D934-4A48-B98D-8391C70658AE}.Debug|Any CPU.Build.0 = Debug|Any CPU
		{234EE87F-D934-4A48-B98D-8391C70658AE}.Release|Any CPU.ActiveCfg = Release|Any CPU
		{234EE87F-D934-4A48-B98D-8391C70658AE}.Release|Any CPU.Build.0 = Release|Any CPU
	EndGlobalSection
	GlobalSection(SolutionProperties) = preSolution
		HideSolutionNode = FALSE
	EndGlobalSection
	GlobalSection(ExtensibilityGlobals) = postSolution
		SolutionGuid = {62F3B1C9-1AA4-420D-993F-534168E90B60}
	EndGlobalSection
EndGlobal
