
Microsoft Visual Studio Solution File, Format Version 12.00
# Visual Studio Version 16
VisualStudioVersion = 16.0.32126.315
MinimumVisualStudioVersion = 10.0.40219.1
Project("{FAE04EC0-301F-11D3-BF4B-00C04F79EFBC}") = "SudokuLib", "SudokuLib\SudokuLib.csproj", "{944BC6FE-A025-4454-A7D5-678372161028}"
EndProject
Project("{FAE04EC0-301F-11D3-BF4B-00C04F79EFBC}") = "SudokuApp", "SudokuApp\SudokuApp.csproj", "{9CDEB737-EE01-488D-99F2-273587152336}"
EndProject
Global
	GlobalSection(SolutionConfigurationPlatforms) = preSolution
		Debug|Any CPU = Debug|Any CPU
		Release|Any CPU = Release|Any CPU
	EndGlobalSection
	GlobalSection(ProjectConfigurationPlatforms) = postSolution
		{944BC6FE-A025-4454-A7D5-678372161028}.Debug|Any CPU.ActiveCfg = Debug|Any CPU
		{944BC6FE-A025-4454-A7D5-678372161028}.Debug|Any CPU.Build.0 = Debug|Any CPU
		{944BC6FE-A025-4454-A7D5-678372161028}.Release|Any CPU.ActiveCfg = Release|Any CPU
		{944BC6FE-A025-4454-A7D5-678372161028}.Release|Any CPU.Build.0 = Release|Any CPU
		{9CDEB737-EE01-488D-99F2-273587152336}.Debug|Any CPU.ActiveCfg = Debug|Any CPU
		{9CDEB737-EE01-488D-99F2-273587152336}.Debug|Any CPU.Build.0 = Debug|Any CPU
		{9CDEB737-EE01-488D-99F2-273587152336}.Release|Any CPU.ActiveCfg = Release|Any CPU
		{9CDEB737-EE01-488D-99F2-273587152336}.Release|Any CPU.Build.0 = Release|Any CPU
	EndGlobalSection
	GlobalSection(SolutionProperties) = preSolution
		HideSolutionNode = FALSE
	EndGlobalSection
	GlobalSection(ExtensibilityGlobals) = postSolution
		SolutionGuid = {A2404A7A-65AC-4402-BFCC-2DA63CE4E4F5}
	EndGlobalSection
EndGlobal
